
Microsoft Visual Studio Solution File, Format Version 12.00
# Visual Studio Version 16
VisualStudioVersion = 16.0.31205.134
MinimumVisualStudioVersion = 10.0.40219.1
Project("{FAE04EC0-301F-11D3-BF4B-00C04F79EFBC}") = "UCSC", "UCSC\UCSC.csproj", "{89480E45-57BB-4898-B6CE-89925D36D704}"
EndProject
Global
	GlobalSection(SolutionConfigurationPlatforms) = preSolution
		Debug|Any CPU = Debug|Any CPU
		Release|Any CPU = Release|Any CPU
	EndGlobalSection
	GlobalSection(ProjectConfigurationPlatforms) = postSolution
		{89480E45-57BB-4898-B6CE-89925D36D704}.Debug|Any CPU.ActiveCfg = Debug|Any CPU
		{89480E45-57BB-4898-B6CE-89925D36D704}.Debug|Any CPU.Build.0 = Debug|Any CPU
		{89480E45-57BB-4898-B6CE-89925D36D704}.Release|Any CPU.ActiveCfg = Release|Any CPU
		{89480E45-57BB-4898-B6CE-89925D36D704}.Release|Any CPU.Build.0 = Release|Any CPU
	EndGlobalSection
	GlobalSection(SolutionProperties) = preSolution
		HideSolutionNode = FALSE
	EndGlobalSection
	GlobalSection(ExtensibilityGlobals) = postSolution
		SolutionGuid = {CAC4C0A9-3A6C-4B5A-9DDC-BB165047B503}
	EndGlobalSection
EndGlobal
